{
  "name": "gameserver",
  "lockfileVersion": 2,
  "requires": true,
  "packages": {
    "": {
      "name": "gameserver",
      "dependencies": {
        "hono": "^2.5.5",
        "ws": "^8.11.0"
      },
      "devDependencies": {
        "bun-types": "^0.2.2"
      }
    },
    "node_modules/bun-types": {
      "version": "0.2.2",
      "resolved": "https://registry.npmjs.org/bun-types/-/bun-types-0.2.2.tgz",
      "integrity": "sha512-/1IPC/PPWvV39I7uulBcWHL0Xpi1BqvwF34R/2gRwt0/l5MJB1gt15GLwLP33d59EnkOdRYibImuCg0l/9BRng==",
      "dev": true
    },
    "node_modules/hono": {
      "version": "2.5.8",
      "resolved": "https://registry.npmjs.org/hono/-/hono-2.5.8.tgz",
      "integrity": "sha512-OYP+O31QfsEL7U7dXW9+GtuT+7gtfsvkyKAI/w3aujzxq5M1kYVXMEOiKFA9iwkjf2uVsUAIxf9aRhCJ7LTJaw==",
      "engines": {
        "node": ">=16.0.0"
      }
    },
    "node_modules/ws": {
      "version": "8.11.0",
      "resolved": "https://registry.npmjs.org/ws/-/ws-8.11.0.tgz",
      "integrity": "sha512-HPG3wQd9sNQoT9xHyNCXoDUa+Xw/VevmY9FoHyQ+g+rrMn4j6FB4np7Z0OhdTgjx6MgQLK7jwSy1YecU1+4Asg==",
      "engines": {
        "node": ">=10.0.0"
      },
      "peerDependencies": {
        "bufferutil": "^4.0.1",
        "utf-8-validate": "^5.0.2"
      },
      "peerDependenciesMeta": {
        "bufferutil": {
          "optional": true
        },
        "utf-8-validate": {
          "optional": true
        }
      }
    }
  },
  "dependencies": {
    "bun-types": {
      "version": "0.2.2",
      "resolved": "https://registry.npmjs.org/bun-types/-/bun-types-0.2.2.tgz",
      "integrity": "sha512-/1IPC/PPWvV39I7uulBcWHL0Xpi1BqvwF34R/2gRwt0/l5MJB1gt15GLwLP33d59EnkOdRYibImuCg0l/9BRng==",
      "dev": true
    },
    "hono": {
      "version": "2.5.8",
      "resolved": "https://registry.npmjs.org/hono/-/hono-2.5.8.tgz",
      "integrity": "sha512-OYP+O31QfsEL7U7dXW9+GtuT+7gtfsvkyKAI/w3aujzxq5M1kYVXMEOiKFA9iwkjf2uVsUAIxf9aRhCJ7LTJaw=="
    },
    "ws": {
      "version": "8.11.0",
      "resolved": "https://registry.npmjs.org/ws/-/ws-8.11.0.tgz",
      "integrity": "sha512-HPG3wQd9sNQoT9xHyNCXoDUa+Xw/VevmY9FoHyQ+g+rrMn4j6FB4np7Z0OhdTgjx6MgQLK7jwSy1YecU1+4Asg==",
      "requires": {}
    }
  }
}
